// !$*UTF8*$!
{
	archiveVersion = 1;
	classes = {
	};
	objectVersion = 46;
	objects = {

/* Begin PBXBuildFile section */
		4FC173491DB3406900582F90 /* main.m in Sources */ = {isa = PBXBuildFile; fileRef = 4FC173481DB3406900582F90 /* main.m */; };
		4FC1734C1DB3406900582F90 /* AppDelegate.m in Sources */ = {isa = PBXBuildFile; fileRef = 4FC1734B1DB3406900582F90 /* AppDelegate.m */; };
		4FC1734F1DB3406900582F90 /* FlashcardViewController.m in Sources */ = {isa = PBXBuildFile; fileRef = 4FC1734E1DB3406900582F90 /* FlashcardViewController.m */; };
		4FC173521DB3406900582F90 /* Main.storyboard in Resources */ = {isa = PBXBuildFile; fileRef = 4FC173501DB3406900582F90 /* Main.storyboard */; };
		4FC173541DB3406900582F90 /* Assets.xcassets in Resources */ = {isa = PBXBuildFile; fileRef = 4FC173531DB3406900582F90 /* Assets.xcassets */; };
		4FC173571DB3406900582F90 /* LaunchScreen.storyboard in Resources */ = {isa = PBXBuildFile; fileRef = 4FC173551DB3406900582F90 /* LaunchScreen.storyboard */; };
		4FC173621DB3406900582F90 /* flashCardTests.m in Sources */ = {isa = PBXBuildFile; fileRef = 4FC173611DB3406900582F90 /* flashCardTests.m */; };
		4FC1736D1DB3406900582F90 /* flashCardUITests.m in Sources */ = {isa = PBXBuildFile; fileRef = 4FC1736C1DB3406900582F90 /* flashCardUITests.m */; };
		4FC1737C1DB3411200582F90 /* Flashcard.m in Sources */ = {isa = PBXBuildFile; fileRef = 4FC1737B1DB3411200582F90 /* Flashcard.m */; };
		4FC1737D1DB3411200582F90 /* Flashcard.m in Sources */ = {isa = PBXBuildFile; fileRef = 4FC1737B1DB3411200582F90 /* Flashcard.m */; };
		4FC173801DB3441F00582F90 /* FlashcardModel.m in Sources */ = {isa = PBXBuildFile; fileRef = 4FC1737F1DB3441F00582F90 /* FlashcardModel.m */; };
		4FC173811DB3441F00582F90 /* FlashcardModel.m in Sources */ = {isa = PBXBuildFile; fileRef = 4FC1737F1DB3441F00582F90 /* FlashcardModel.m */; };
		4FC739A91DD0501F00356C89 /* FlashcardTableViewController.m in Sources */ = {isa = PBXBuildFile; fileRef = 4FC739A81DD0501F00356C89 /* FlashcardTableViewController.m */; };
		4FC739AC1DD1220100356C89 /* AddViewController.m in Sources */ = {isa = PBXBuildFile; fileRef = 4FC739AB1DD1220100356C89 /* AddViewController.m */; };
/* End PBXBuildFile section */

/* Begin PBXContainerItemProxy section */
		4FC1735E1DB3406900582F90 /* PBXContainerItemProxy */ = {
			isa = PBXContainerItemProxy;
			containerPortal = 4FC1733C1DB3406800582F90 /* Project object */;
			proxyType = 1;
			remoteGlobalIDString = 4FC173431DB3406900582F90;
			remoteInfo = flashCard;
		};
		4FC173691DB3406900582F90 /* PBXContainerItemProxy */ = {
			isa = PBXContainerItemProxy;
			containerPortal = 4FC1733C1DB3406800582F90 /* Project object */;
			proxyType = 1;
			remoteGlobalIDString = 4FC173431DB3406900582F90;
			remoteInfo = flashCard;
		};
/* End PBXContainerItemProxy section */

/* Begin PBXFileReference section */
		4FC173441DB3406900582F90 /* flashCard.app */ = {isa = PBXFileReference; explicitFileType = wrapper.application; includeInIndex = 0; path = flashCard.app; sourceTree = BUILT_PRODUCTS_DIR; };
		4FC173481DB3406900582F90 /* main.m */ = {isa = PBXFileReference; lastKnownFileType = sourcecode.c.objc; path = main.m; sourceTree = "<group>"; };
		4FC1734A1DB3406900582F90 /* AppDelegate.h */ = {isa = PBXFileReference; lastKnownFileType = sourcecode.c.h; path = AppDelegate.h; sourceTree = "<group>"; };
		4FC1734B1DB3406900582F90 /* AppDelegate.m */ = {isa = PBXFileReference; lastKnownFileType = sourcecode.c.objc; path = AppDelegate.m; sourceTree = "<group>"; };
		4FC1734D1DB3406900582F90 /* FlashcardViewController.h */ = {isa = PBXFileReference; lastKnownFileType = sourcecode.c.h; path = FlashcardViewController.h; sourceTree = "<group>"; };
		4FC1734E1DB3406900582F90 /* FlashcardViewController.m */ = {isa = PBXFileReference; lastKnownFileType = sourcecode.c.objc; path = FlashcardViewController.m; sourceTree = "<group>"; };
		4FC173511DB3406900582F90 /* Base */ = {isa = PBXFileReference; lastKnownFileType = file.storyboard; name = Base; path = Base.lproj/Main.storyboard; sourceTree = "<group>"; };
		4FC173531DB3406900582F90 /* Assets.xcassets */ = {isa = PBXFileReference; lastKnownFileType = folder.assetcatalog; path = Assets.xcassets; sourceTree = "<group>"; };
		4FC173561DB3406900582F90 /* Base */ = {isa = PBXFileReference; lastKnownFileType = file.storyboard; name = Base; path = Base.lproj/LaunchScreen.storyboard; sourceTree = "<group>"; };
		4FC173581DB3406900582F90 /* Info.plist */ = {isa = PBXFileReference; lastKnownFileType = text.plist.xml; path = Info.plist; sourceTree = "<group>"; };
		4FC1735D1DB3406900582F90 /* flashCardTests.xctest */ = {isa = PBXFileReference; explicitFileType = wrapper.cfbundle; includeInIndex = 0; path = flashCardTests.xctest; sourceTree = BUILT_PRODUCTS_DIR; };
		4FC173611DB3406900582F90 /* flashCardTests.m */ = {isa = PBXFileReference; lastKnownFileType = sourcecode.c.objc; path = flashCardTests.m; sourceTree = "<group>"; };
		4FC173631DB3406900582F90 /* Info.plist */ = {isa = PBXFileReference; lastKnownFileType = text.plist.xml; path = Info.plist; sourceTree = "<group>"; };
		4FC173681DB3406900582F90 /* flashCardUITests.xctest */ = {isa = PBXFileReference; explicitFileType = wrapper.cfbundle; includeInIndex = 0; path = flashCardUITests.xctest; sourceTree = BUILT_PRODUCTS_DIR; };
		4FC1736C1DB3406900582F90 /* flashCardUITests.m */ = {isa = PBXFileReference; lastKnownFileType = sourcecode.c.objc; path = flashCardUITests.m; sourceTree = "<group>"; };
		4FC1736E1DB3406900582F90 /* Info.plist */ = {isa = PBXFileReference; lastKnownFileType = text.plist.xml; path = Info.plist; sourceTree = "<group>"; };
		4FC1737A1DB3411200582F90 /* Flashcard.h */ = {isa = PBXFileReference; fileEncoding = 4; lastKnownFileType = sourcecode.c.h; path = Flashcard.h; sourceTree = "<group>"; };
		4FC1737B1DB3411200582F90 /* Flashcard.m */ = {isa = PBXFileReference; fileEncoding = 4; lastKnownFileType = sourcecode.c.objc; path = Flashcard.m; sourceTree = "<group>"; };
		4FC1737E1DB3441F00582F90 /* FlashcardModel.h */ = {isa = PBXFileReference; fileEncoding = 4; lastKnownFileType = sourcecode.c.h; path = FlashcardModel.h; sourceTree = "<group>"; };
		4FC1737F1DB3441F00582F90 /* FlashcardModel.m */ = {isa = PBXFileReference; fileEncoding = 4; lastKnownFileType = sourcecode.c.objc; path = FlashcardModel.m; sourceTree = "<group>"; };
		4FC739A71DD0501F00356C89 /* FlashcardTableViewController.h */ = {isa = PBXFileReference; fileEncoding = 4; lastKnownFileType = sourcecode.c.h; path = FlashcardTableViewController.h; sourceTree = "<group>"; };
		4FC739A81DD0501F00356C89 /* FlashcardTableViewController.m */ = {isa = PBXFileReference; fileEncoding = 4; lastKnownFileType = sourcecode.c.objc; path = FlashcardTableViewController.m; sourceTree = "<group>"; };
		4FC739AA1DD1220100356C89 /* AddViewController.h */ = {isa = PBXFileReference; fileEncoding = 4; lastKnownFileType = sourcecode.c.h; path = AddViewController.h; sourceTree = "<group>"; };
		4FC739AB1DD1220100356C89 /* AddViewController.m */ = {isa = PBXFileReference; fileEncoding = 4; lastKnownFileType = sourcecode.c.objc; path = AddViewController.m; sourceTree = "<group>"; };
/* End PBXFileReference section */

/* Begin PBXFrameworksBuildPhase section */
		4FC173411DB3406900582F90 /* Frameworks */ = {
			isa = PBXFrameworksBuildPhase;
			buildActionMask = 2147483647;
			files = (
			);
			runOnlyForDeploymentPostprocessing = 0;
		};
		4FC1735A1DB3406900582F90 /* Frameworks */ = {
			isa = PBXFrameworksBuildPhase;
			buildActionMask = 2147483647;
			files = (
			);
			runOnlyForDeploymentPostprocessing = 0;
		};
		4FC173651DB3406900582F90 /* Frameworks */ = {
			isa = PBXFrameworksBuildPhase;
			buildActionMask = 2147483647;
			files = (
			);
			runOnlyForDeploymentPostprocessing = 0;
		};
/* End PBXFrameworksBuildPhase section */

/* Begin PBXGroup section */
		4F76E4A91DD1B6600011B2EC /* controller */ = {
			isa = PBXGroup;
			children = (
				4FC739AA1DD1220100356C89 /* AddViewController.h */,
				4FC739AB1DD1220100356C89 /* AddViewController.m */,
				4FC739A71DD0501F00356C89 /* FlashcardTableViewController.h */,
				4FC739A81DD0501F00356C89 /* FlashcardTableViewController.m */,
				4FC1734D1DB3406900582F90 /* FlashcardViewController.h */,
				4FC1734E1DB3406900582F90 /* FlashcardViewController.m */,
			);
			name = controller;
			sourceTree = "<group>";
		};
		4F76E4AA1DD1B7190011B2EC /* model */ = {
			isa = PBXGroup;
			children = (
				4FC1737E1DB3441F00582F90 /* FlashcardModel.h */,
				4FC1737F1DB3441F00582F90 /* FlashcardModel.m */,
				4FC1737A1DB3411200582F90 /* Flashcard.h */,
				4FC1737B1DB3411200582F90 /* Flashcard.m */,
			);
			name = model;
			sourceTree = "<group>";
		};
		4FC1733B1DB3406800582F90 = {
			isa = PBXGroup;
			children = (
				4FC173461DB3406900582F90 /* flashCard */,
				4FC173601DB3406900582F90 /* flashCardTests */,
				4FC1736B1DB3406900582F90 /* flashCardUITests */,
				4FC173451DB3406900582F90 /* Products */,
			);
			sourceTree = "<group>";
		};
		4FC173451DB3406900582F90 /* Products */ = {
			isa = PBXGroup;
			children = (
				4FC173441DB3406900582F90 /* flashCard.app */,
				4FC1735D1DB3406900582F90 /* flashCardTests.xctest */,
				4FC173681DB3406900582F90 /* flashCardUITests.xctest */,
			);
			name = Products;
			sourceTree = "<group>";
		};
		4FC173461DB3406900582F90 /* flashCard */ = {
			isa = PBXGroup;
			children = (
				4F76E4AA1DD1B7190011B2EC /* model */,
				4F76E4A91DD1B6600011B2EC /* controller */,
				4FC1734A1DB3406900582F90 /* AppDelegate.h */,
				4FC1734B1DB3406900582F90 /* AppDelegate.m */,
				4FC173501DB3406900582F90 /* Main.storyboard */,
				4FC173531DB3406900582F90 /* Assets.xcassets */,
				4FC173551DB3406900582F90 /* LaunchScreen.storyboard */,
				4FC173581DB3406900582F90 /* Info.plist */,
				4FC173471DB3406900582F90 /* Supporting Files */,
			);
			path = flashCard;
			sourceTree = "<group>";
		};
		4FC173471DB3406900582F90 /* Supporting Files */ = {
			isa = PBXGroup;
			children = (
				4FC173481DB3406900582F90 /* main.m */,
			);
			name = "Supporting Files";
			sourceTree = "<group>";
		};
		4FC173601DB3406900582F90 /* flashCardTests */ = {
			isa = PBXGroup;
			children = (
				4FC173611DB3406900582F90 /* flashCardTests.m */,
				4FC173631DB3406900582F90 /* Info.plist */,
			);
			path = flashCardTests;
			sourceTree = "<group>";
		};
		4FC1736B1DB3406900582F90 /* flashCardUITests */ = {
			isa = PBXGroup;
			children = (
				4FC1736C1DB3406900582F90 /* flashCardUITests.m */,
				4FC1736E1DB3406900582F90 /* Info.plist */,
			);
			path = flashCardUITests;
			sourceTree = "<group>";
		};
/* End PBXGroup section */

/* Begin PBXNativeTarget section */
		4FC173431DB3406900582F90 /* flashCard */ = {
			isa = PBXNativeTarget;
			buildConfigurationList = 4FC173711DB3406900582F90 /* Build configuration list for PBXNativeTarget "flashCard" */;
			buildPhases = (
				4FC173401DB3406900582F90 /* Sources */,
				4FC173411DB3406900582F90 /* Frameworks */,
				4FC173421DB3406900582F90 /* Resources */,
			);
			buildRules = (
			);
			dependencies = (
			);
			name = flashCard;
			productName = flashCard;
			productReference = 4FC173441DB3406900582F90 /* flashCard.app */;
			productType = "com.apple.product-type.application";
		};
		4FC1735C1DB3406900582F90 /* flashCardTests */ = {
			isa = PBXNativeTarget;
			buildConfigurationList = 4FC173741DB3406900582F90 /* Build configuration list for PBXNativeTarget "flashCardTests" */;
			buildPhases = (
				4FC173591DB3406900582F90 /* Sources */,
				4FC1735A1DB3406900582F90 /* Frameworks */,
				4FC1735B1DB3406900582F90 /* Resources */,
			);
			buildRules = (
			);
			dependencies = (
				4FC1735F1DB3406900582F90 /* PBXTargetDependency */,
			);
			name = flashCardTests;
			productName = flashCardTests;
			productReference = 4FC1735D1DB3406900582F90 /* flashCardTests.xctest */;
			productType = "com.apple.product-type.bundle.unit-test";
		};
		4FC173671DB3406900582F90 /* flashCardUITests */ = {
			isa = PBXNativeTarget;
			buildConfigurationList = 4FC173771DB3406900582F90 /* Build configuration list for PBXNativeTarget "flashCardUITests" */;
			buildPhases = (
				4FC173641DB3406900582F90 /* Sources */,
				4FC173651DB3406900582F90 /* Frameworks */,
				4FC173661DB3406900582F90 /* Resources */,
			);
			buildRules = (
			);
			dependencies = (
				4FC1736A1DB3406900582F90 /* PBXTargetDependency */,
			);
			name = flashCardUITests;
			productName = flashCardUITests;
			productReference = 4FC173681DB3406900582F90 /* flashCardUITests.xctest */;
			productType = "com.apple.product-type.bundle.ui-testing";
		};
/* End PBXNativeTarget section */

/* Begin PBXProject section */
		4FC1733C1DB3406800582F90 /* Project object */ = {
			isa = PBXProject;
			attributes = {
				LastUpgradeCheck = 0730;
				ORGANIZATIONNAME = "Alec Fong";
				TargetAttributes = {
					4FC173431DB3406900582F90 = {
						CreatedOnToolsVersion = 7.3.1;
					};
					4FC1735C1DB3406900582F90 = {
						CreatedOnToolsVersion = 7.3.1;
						TestTargetID = 4FC173431DB3406900582F90;
					};
					4FC173671DB3406900582F90 = {
						CreatedOnToolsVersion = 7.3.1;
						TestTargetID = 4FC173431DB3406900582F90;
					};
				};
			};
			buildConfigurationList = 4FC1733F1DB3406900582F90 /* Build configuration list for PBXProject "flashCard" */;
			compatibilityVersion = "Xcode 3.2";
			developmentRegion = English;
			hasScannedForEncodings = 0;
			knownRegions = (
				en,
				Base,
			);
			mainGroup = 4FC1733B1DB3406800582F90;
			productRefGroup = 4FC173451DB3406900582F90 /* Products */;
			projectDirPath = "";
			projectRoot = "";
			targets = (
				4FC173431DB3406900582F90 /* flashCard */,
				4FC1735C1DB3406900582F90 /* flashCardTests */,
				4FC173671DB3406900582F90 /* flashCardUITests */,
			);
		};
/* End PBXProject section */

/* Begin PBXResourcesBuildPhase section */
		4FC173421DB3406900582F90 /* Resources */ = {
			isa = PBXResourcesBuildPhase;
			buildActionMask = 2147483647;
			files = (
				4FC173571DB3406900582F90 /* LaunchScreen.storyboard in Resources */,
				4FC173541DB3406900582F90 /* Assets.xcassets in Resources */,
				4FC173521DB3406900582F90 /* Main.storyboard in Resources */,
			);
			runOnlyForDeploymentPostprocessing = 0;
		};
		4FC1735B1DB3406900582F90 /* Resources */ = {
			isa = PBXResourcesBuildPhase;
			buildActionMask = 2147483647;
			files = (
			);
			runOnlyForDeploymentPostprocessing = 0;
		};
		4FC173661DB3406900582F90 /* Resources */ = {
			isa = PBXResourcesBuildPhase;
			buildActionMask = 2147483647;
			files = (
			);
			runOnlyForDeploymentPostprocessing = 0;
		};
/* End PBXResourcesBuildPhase section */

/* Begin PBXSourcesBuildPhase section */
		4FC173401DB3406900582F90 /* Sources */ = {
			isa = PBXSourcesBuildPhase;
			buildActionMask = 2147483647;
			files = (
				4FC739A91DD0501F00356C89 /* FlashcardTableViewController.m in Sources */,
				4FC1734F1DB3406900582F90 /* FlashcardViewController.m in Sources */,
				4FC1734C1DB3406900582F90 /* AppDelegate.m in Sources */,
				4FC739AC1DD1220100356C89 /* AddViewController.m in Sources */,
				4FC173801DB3441F00582F90 /* FlashcardModel.m in Sources */,
				4FC1737C1DB3411200582F90 /* Flashcard.m in Sources */,
				4FC173491DB3406900582F90 /* main.m in Sources */,
			);
			runOnlyForDeploymentPostprocessing = 0;
		};
		4FC173591DB3406900582F90 /* Sources */ = {
			isa = PBXSourcesBuildPhase;
			buildActionMask = 2147483647;
			files = (
				4FC173811DB3441F00582F90 /* FlashcardModel.m in Sources */,
				4FC1737D1DB3411200582F90 /* Flashcard.m in Sources */,
				4FC173621DB3406900582F90 /* flashCardTests.m in Sources */,
			);
			runOnlyForDeploymentPostprocessing = 0;
		};
		4FC173641DB3406900582F90 /* Sources */ = {
			isa = PBXSourcesBuildPhase;
			buildActionMask = 2147483647;
			files = (
				4FC1736D1DB3406900582F90 /* flashCardUITests.m in Sources */,
			);
			runOnlyForDeploymentPostprocessing = 0;
		};
/* End PBXSourcesBuildPhase section */

/* Begin PBXTargetDependency section */
		4FC1735F1DB3406900582F90 /* PBXTargetDependency */ = {
			isa = PBXTargetDependency;
			target = 4FC173431DB3406900582F90 /* flashCard */;
			targetProxy = 4FC1735E1DB3406900582F90 /* PBXContainerItemProxy */;
		};
		4FC1736A1DB3406900582F90 /* PBXTargetDependency */ = {
			isa = PBXTargetDependency;
			target = 4FC173431DB3406900582F90 /* flashCard */;
			targetProxy = 4FC173691DB3406900582F90 /* PBXContainerItemProxy */;
		};
/* End PBXTargetDependency section */

/* Begin PBXVariantGroup section */
		4FC173501DB3406900582F90 /* Main.storyboard */ = {
			isa = PBXVariantGroup;
			children = (
				4FC173511DB3406900582F90 /* Base */,
			);
			name = Main.storyboard;
			sourceTree = "<group>";
		};
		4FC173551DB3406900582F90 /* LaunchScreen.storyboard */ = {
			isa = PBXVariantGroup;
			children = (
				4FC173561DB3406900582F90 /* Base */,
			);
			name = LaunchScreen.storyboard;
			sourceTree = "<group>";
		};
/* End PBXVariantGroup section */

/* Begin XCBuildConfiguration section */
		4FC1736F1DB3406900582F90 /* Debug */ = {
			isa = XCBuildConfiguration;
			buildSettings = {
				ALWAYS_SEARCH_USER_PATHS = NO;
				CLANG_ANALYZER_NONNULL = YES;
				CLANG_CXX_LANGUAGE_STANDARD = "gnu++0x";
				CLANG_CXX_LIBRARY = "libc++";
				CLANG_ENABLE_MODULES = YES;
				CLANG_ENABLE_OBJC_ARC = YES;
				CLANG_WARN_BOOL_CONVERSION = YES;
				CLANG_WARN_CONSTANT_CONVERSION = YES;
				CLANG_WARN_DIRECT_OBJC_ISA_USAGE = YES_ERROR;
				CLANG_WARN_EMPTY_BODY = YES;
				CLANG_WARN_ENUM_CONVERSION = YES;
				CLANG_WARN_INT_CONVERSION = YES;
				CLANG_WARN_OBJC_ROOT_CLASS = YES_ERROR;
				CLANG_WARN_UNREACHABLE_CODE = YES;
				CLANG_WARN__DUPLICATE_METHOD_MATCH = YES;
				"CODE_SIGN_IDENTITY[sdk=iphoneos*]" = "iPhone Developer";
				COPY_PHASE_STRIP = NO;
				DEBUG_INFORMATION_FORMAT = dwarf;
				ENABLE_STRICT_OBJC_MSGSEND = YES;
				ENABLE_TESTABILITY = YES;
				GCC_C_LANGUAGE_STANDARD = gnu99;
				GCC_DYNAMIC_NO_PIC = NO;
				GCC_NO_COMMON_BLOCKS = YES;
				GCC_OPTIMIZATION_LEVEL = 0;
				GCC_PREPROCESSOR_DEFINITIONS = (
					"DEBUG=1",
					"$(inherited)",
				);
				GCC_WARN_64_TO_32_BIT_CONVERSION = YES;
				GCC_WARN_ABOUT_RETURN_TYPE = YES_ERROR;
				GCC_WARN_UNDECLARED_SELECTOR = YES;
				GCC_WARN_UNINITIALIZED_AUTOS = YES_AGGRESSIVE;
				GCC_WARN_UNUSED_FUNCTION = YES;
				GCC_WARN_UNUSED_VARIABLE = YES;
				IPHONEOS_DEPLOYMENT_TARGET = 9.3;
				MTL_ENABLE_DEBUG_INFO = YES;
				ONLY_ACTIVE_ARCH = YES;
				SDKROOT = iphoneos;
				TARGETED_DEVICE_FAMILY = "1,2";
			};
			name = Debug;
		};
		4FC173701DB3406900582F90 /* Release */ = {
			isa = XCBuildConfiguration;
			buildSettings = {
				ALWAYS_SEARCH_USER_PATHS = NO;
				CLANG_ANALYZER_NONNULL = YES;
				CLANG_CXX_LANGUAGE_STANDARD = "gnu++0x";
				CLANG_CXX_LIBRARY = "libc++";
				CLANG_ENABLE_MODULES = YES;
				CLANG_ENABLE_OBJC_ARC = YES;
				CLANG_WARN_BOOL_CONVERSION = YES;
				CLANG_WARN_CONSTANT_CONVERSION = YES;
				CLANG_WARN_DIRECT_OBJC_ISA_USAGE = YES_ERROR;
				CLANG_WARN_EMPTY_BODY = YES;
				CLANG_WARN_ENUM_CONVERSION = YES;
				CLANG_WARN_INT_CONVERSION = YES;
				CLANG_WARN_OBJC_ROOT_CLASS = YES_ERROR;
				CLANG_WARN_UNREACHABLE_CODE = YES;
				CLANG_WARN__DUPLICATE_METHOD_MATCH = YES;
				"CODE_SIGN_IDENTITY[sdk=iphoneos*]" = "iPhone Developer";
				COPY_PHASE_STRIP = NO;
				DEBUG_INFORMATION_FORMAT = "dwarf-with-dsym";
				ENABLE_NS_ASSERTIONS = NO;
				ENABLE_STRICT_OBJC_MSGSEND = YES;
				GCC_C_LANGUAGE_STANDARD = gnu99;
				GCC_NO_COMMON_BLOCKS = YES;
				GCC_WARN_64_TO_32_BIT_CONVERSION = YES;
				GCC_WARN_ABOUT_RETURN_TYPE = YES_ERROR;
				GCC_WARN_UNDECLARED_SELECTOR = YES;
				GCC_WARN_UNINITIALIZED_AUTOS = YES_AGGRESSIVE;
				GCC_WARN_UNUSED_FUNCTION = YES;
				GCC_WARN_UNUSED_VARIABLE = YES;
				IPHONEOS_DEPLOYMENT_TARGET = 9.3;
				MTL_ENABLE_DEBUG_INFO = NO;
				SDKROOT = iphoneos;
				TARGETED_DEVICE_FAMILY = "1,2";
				VALIDATE_PRODUCT = YES;
			};
			name = Release;
		};
		4FC173721DB3406900582F90 /* Debug */ = {
			isa = XCBuildConfiguration;
			buildSettings = {
				ASSETCATALOG_COMPILER_APPICON_NAME = AppIcon;
				INFOPLIST_FILE = flashCard/Info.plist;
				LD_RUNPATH_SEARCH_PATHS = "$(inherited) @executable_path/Frameworks";
				PRODUCT_BUNDLE_IDENTIFIER = com.alecsanf.flashCard;
				PRODUCT_NAME = "$(TARGET_NAME)";
			};
			name = Debug;
		};
		4FC173731DB3406900582F90 /* Release */ = {
			isa = XCBuildConfiguration;
			buildSettings = {
				ASSETCATALOG_COMPILER_APPICON_NAME = AppIcon;
				INFOPLIST_FILE = flashCard/Info.plist;
				LD_RUNPATH_SEARCH_PATHS = "$(inherited) @executable_path/Frameworks";
				PRODUCT_BUNDLE_IDENTIFIER = com.alecsanf.flashCard;
				PRODUCT_NAME = "$(TARGET_NAME)";
			};
			name = Release;
		};
		4FC173751DB3406900582F90 /* Debug */ = {
			isa = XCBuildConfiguration;
			buildSettings = {
				BUNDLE_LOADER = "$(TEST_HOST)";
				INFOPLIST_FILE = flashCardTests/Info.plist;
				LD_RUNPATH_SEARCH_PATHS = "$(inherited) @executable_path/Frameworks @loader_path/Frameworks";
				PRODUCT_BUNDLE_IDENTIFIER = com.alecsanf.flashCardTests;
				PRODUCT_NAME = "$(TARGET_NAME)";
				TEST_HOST = "$(BUILT_PRODUCTS_DIR)/flashCard.app/flashCard";
			};
			name = Debug;
		};
		4FC173761DB3406900582F90 /* Release */ = {
			isa = XCBuildConfiguration;
			buildSettings = {
				BUNDLE_LOADER = "$(TEST_HOST)";
				INFOPLIST_FILE = flashCardTests/Info.plist;
				LD_RUNPATH_SEARCH_PATHS = "$(inherited) @executable_path/Frameworks @loader_path/Frameworks";
				PRODUCT_BUNDLE_IDENTIFIER = com.alecsanf.flashCardTests;
				PRODUCT_NAME = "$(TARGET_NAME)";
				TEST_HOST = "$(BUILT_PRODUCTS_DIR)/flashCard.app/flashCard";
			};
			name = Release;
		};
		4FC173781DB3406900582F90 /* Debug */ = {
			isa = XCBuildConfiguration;
			buildSettings = {
				INFOPLIST_FILE = flashCardUITests/Info.plist;
				LD_RUNPATH_SEARCH_PATHS = "$(inherited) @executable_path/Frameworks @loader_path/Frameworks";
				PRODUCT_BUNDLE_IDENTIFIER = com.alecsanf.flashCardUITests;
				PRODUCT_NAME = "$(TARGET_NAME)";
				TEST_TARGET_NAME = flashCard;
			};
			name = Debug;
		};
		4FC173791DB3406900582F90 /* Release */ = {
			isa = XCBuildConfiguration;
			buildSettings = {
				INFOPLIST_FILE = flashCardUITests/Info.plist;
				LD_RUNPATH_SEARCH_PATHS = "$(inherited) @executable_path/Frameworks @loader_path/Frameworks";
				PRODUCT_BUNDLE_IDENTIFIER = com.alecsanf.flashCardUITests;
				PRODUCT_NAME = "$(TARGET_NAME)";
				TEST_TARGET_NAME = flashCard;
			};
			name = Release;
		};
/* End XCBuildConfiguration section */

/* Begin XCConfigurationList section */
		4FC1733F1DB3406900582F90 /* Build configuration list for PBXProject "flashCard" */ = {
			isa = XCConfigurationList;
			buildConfigurations = (
				4FC1736F1DB3406900582F90 /* Debug */,
				4FC173701DB3406900582F90 /* Release */,
			);
			defaultConfigurationIsVisible = 0;
			defaultConfigurationName = Release;
		};
		4FC173711DB3406900582F90 /* Build configuration list for PBXNativeTarget "flashCard" */ = {
			isa = XCConfigurationList;
			buildConfigurations = (
				4FC173721DB3406900582F90 /* Debug */,
				4FC173731DB3406900582F90 /* Release */,
			);
			defaultConfigurationIsVisible = 0;
			defaultConfigurationName = Release;
		};
		4FC173741DB3406900582F90 /* Build configuration list for PBXNativeTarget "flashCardTests" */ = {
			isa = XCConfigurationList;
			buildConfigurations = (
				4FC173751DB3406900582F90 /* Debug */,
				4FC173761DB3406900582F90 /* Release */,
			);
			defaultConfigurationIsVisible = 0;
			defaultConfigurationName = Release;
		};
		4FC173771DB3406900582F90 /* Build configuration list for PBXNativeTarget "flashCardUITests" */ = {
			isa = XCConfigurationList;
			buildConfigurations = (
				4FC173781DB3406900582F90 /* Debug */,
				4FC173791DB3406900582F90 /* Release */,
			);
			defaultConfigurationIsVisible = 0;
			defaultConfigurationName = Release;
		};
/* End XCConfigurationList section */
	};
	rootObject = 4FC1733C1DB3406800582F90 /* Project object */;
}
